version = 1
requires-python = ">=3.12"

[[package]]
name = "uv-import"
version = "0.1.0"
source = { editable = "." }
dependencies = [
    { name = "uv-lib" },
]

[package.metadata]
requires-dist = [{ name = "uv-lib", path = "../uv-lib/dist/uv_lib-0.1.0-py3-none-any.whl" }]

[[package]]
name = "uv-lib"
version = "0.1.0"
source = { path = "../uv-lib/dist/uv_lib-0.1.0-py3-none-any.whl" }
wheels = [
    { filename = "uv_lib-0.1.0-py3-none-any.whl", hash = "sha256:8635c32f64b4354a075e04ed54d89d8c56d00968fba8fddc418292ac51450bbf" },
]
