version = 1
requires-python = ">=3.12"

[[package]]
name = "rupy-uv"
version = "0.1.0"
source = { path = "../rupy-uv/dist/rupy_uv-0.1.0-cp39-abi3-macosx_11_0_arm64.whl" }
wheels = [
    { filename = "rupy_uv-0.1.0-cp39-abi3-macosx_11_0_arm64.whl", hash = "sha256:86529e92b4394eaddcfc610b1ff4e485a7e1446744e7222530d14e1017cb9246" },
]

[[package]]
name = "uv-import"
version = "0.1.0"
source = { editable = "." }
dependencies = [
    { name = "rupy-uv" },
    { name = "uv-lib" },
]

[package.metadata]
requires-dist = [
    { name = "rupy-uv", path = "../rupy-uv/dist/rupy_uv-0.1.0-cp39-abi3-macosx_11_0_arm64.whl" },
    { name = "uv-lib", path = "../uv-lib/dist/uv_lib-0.1.0-py3-none-any.whl" },
]

[[package]]
name = "uv-lib"
version = "0.1.0"
source = { path = "../uv-lib/dist/uv_lib-0.1.0-py3-none-any.whl" }
wheels = [
    { filename = "uv_lib-0.1.0-py3-none-any.whl", hash = "sha256:8635c32f64b4354a075e04ed54d89d8c56d00968fba8fddc418292ac51450bbf" },
]
